
Microsoft Visual Studio Solution File, Format Version 12.00
# Visual Studio 15
VisualStudioVersion = 15.0.27428.2015
MinimumVisualStudioVersion = 10.0.40219.1
Project("{FAE04EC0-301F-11D3-BF4B-00C04F79EFBC}") = "ConsoleVer", "ConsoleVer\ConsoleVer.csproj", "{C149EDA4-ECC9-4899-B891-9AFEE5954273}"
EndProject
Project("{FAE04EC0-301F-11D3-BF4B-00C04F79EFBC}") = "Library", "Library\Library.csproj", "{3474A96A-86FF-433F-8E22-A53A7B5C9F53}"
EndProject
Project("{FAE04EC0-301F-11D3-BF4B-00C04F79EFBC}") = "WindowsForms", "WindowsForms\WindowsForms.csproj", "{C7D79E53-916F-48D1-9074-89865F231EE7}"
EndProject
Project("{9A19103F-16F7-4668-BE54-9A1E7A4F7556}") = "UnitTest", "UnitTest\UnitTest.csproj", "{C809903D-558C-493B-8B09-A45C93AD5B1E}"
EndProject
Project("{FAE04EC0-301F-11D3-BF4B-00C04F79EFBC}") = "TextMosaic", "..\ProjectForWeb\TextMosaic\TextMosaic.csproj", "{6F90CB2C-E1E9-4DFC-8637-6506CFED58EA}"
EndProject
Project("{FAE04EC0-301F-11D3-BF4B-00C04F79EFBC}") = "WenZiMaSaiKe", "WenZiMaSaiKe\WenZiMaSaiKe.csproj", "{A4B05118-E716-4B38-A19D-2417ECCD48BF}"
EndProject
Global
	GlobalSection(SolutionConfigurationPlatforms) = preSolution
		Debug|Any CPU = Debug|Any CPU
		Release|Any CPU = Release|Any CPU
	EndGlobalSection
	GlobalSection(ProjectConfigurationPlatforms) = postSolution
		{C149EDA4-ECC9-4899-B891-9AFEE5954273}.Debug|Any CPU.ActiveCfg = Debug|Any CPU
		{C149EDA4-ECC9-4899-B891-9AFEE5954273}.Debug|Any CPU.Build.0 = Debug|Any CPU
		{C149EDA4-ECC9-4899-B891-9AFEE5954273}.Release|Any CPU.ActiveCfg = Release|Any CPU
		{C149EDA4-ECC9-4899-B891-9AFEE5954273}.Release|Any CPU.Build.0 = Release|Any CPU
		{3474A96A-86FF-433F-8E22-A53A7B5C9F53}.Debug|Any CPU.ActiveCfg = Debug|Any CPU
		{3474A96A-86FF-433F-8E22-A53A7B5C9F53}.Debug|Any CPU.Build.0 = Debug|Any CPU
		{3474A96A-86FF-433F-8E22-A53A7B5C9F53}.Release|Any CPU.ActiveCfg = Release|Any CPU
		{3474A96A-86FF-433F-8E22-A53A7B5C9F53}.Release|Any CPU.Build.0 = Release|Any CPU
		{C7D79E53-916F-48D1-9074-89865F231EE7}.Debug|Any CPU.ActiveCfg = Debug|Any CPU
		{C7D79E53-916F-48D1-9074-89865F231EE7}.Debug|Any CPU.Build.0 = Debug|Any CPU
		{C7D79E53-916F-48D1-9074-89865F231EE7}.Release|Any CPU.ActiveCfg = Release|Any CPU
		{C7D79E53-916F-48D1-9074-89865F231EE7}.Release|Any CPU.Build.0 = Release|Any CPU
		{C809903D-558C-493B-8B09-A45C93AD5B1E}.Debug|Any CPU.ActiveCfg = Debug|Any CPU
		{C809903D-558C-493B-8B09-A45C93AD5B1E}.Debug|Any CPU.Build.0 = Debug|Any CPU
		{C809903D-558C-493B-8B09-A45C93AD5B1E}.Release|Any CPU.ActiveCfg = Release|Any CPU
		{C809903D-558C-493B-8B09-A45C93AD5B1E}.Release|Any CPU.Build.0 = Release|Any CPU
		{6F90CB2C-E1E9-4DFC-8637-6506CFED58EA}.Debug|Any CPU.ActiveCfg = Debug|Any CPU
		{6F90CB2C-E1E9-4DFC-8637-6506CFED58EA}.Debug|Any CPU.Build.0 = Debug|Any CPU
		{6F90CB2C-E1E9-4DFC-8637-6506CFED58EA}.Release|Any CPU.ActiveCfg = Release|Any CPU
		{6F90CB2C-E1E9-4DFC-8637-6506CFED58EA}.Release|Any CPU.Build.0 = Release|Any CPU
		{A4B05118-E716-4B38-A19D-2417ECCD48BF}.Debug|Any CPU.ActiveCfg = Debug|Any CPU
		{A4B05118-E716-4B38-A19D-2417ECCD48BF}.Debug|Any CPU.Build.0 = Debug|Any CPU
		{A4B05118-E716-4B38-A19D-2417ECCD48BF}.Release|Any CPU.ActiveCfg = Release|Any CPU
		{A4B05118-E716-4B38-A19D-2417ECCD48BF}.Release|Any CPU.Build.0 = Release|Any CPU
	EndGlobalSection
	GlobalSection(SolutionProperties) = preSolution
		HideSolutionNode = FALSE
	EndGlobalSection
	GlobalSection(ExtensibilityGlobals) = postSolution
		SolutionGuid = {EDB43512-7F19-413A-B170-6CF23487ACEF}
	EndGlobalSection
EndGlobal
